// !$*UTF8*$!
{
	archiveVersion = 1;
	classes = {
	};
	objectVersion = 55;
	objects = {

/* Begin PBXBuildFile section */
		DA880BCA289B2DD30000F22B /* UiTableViewCell.swift in Sources */ = {isa = PBXBuildFile; fileRef = DA880BC8289B2DD30000F22B /* UiTableViewCell.swift */; };
		DA880BCB289B2DD30000F22B /* UiTableViewCell.xib in Resources */ = {isa = PBXBuildFile; fileRef = DA880BC9289B2DD30000F22B /* UiTableViewCell.xib */; };
		DA880BD6289B50320000F22B /* ReadMoreScreen.storyboard in Resources */ = {isa = PBXBuildFile; fileRef = DA880BD5289B50320000F22B /* ReadMoreScreen.storyboard */; };
		DA880BD8289B508F0000F22B /* ReadMoreViewController.swift in Sources */ = {isa = PBXBuildFile; fileRef = DA880BD7289B508F0000F22B /* ReadMoreViewController.swift */; };
		DA880BDA289B57370000F22B /* Extensions.swift in Sources */ = {isa = PBXBuildFile; fileRef = DA880BD9289B57370000F22B /* Extensions.swift */; };
		DAF1D2C2289AF8DC005CC999 /* AppDelegate.swift in Sources */ = {isa = PBXBuildFile; fileRef = DAF1D2C1289AF8DC005CC999 /* AppDelegate.swift */; };
		DAF1D2C4289AF8DC005CC999 /* SceneDelegate.swift in Sources */ = {isa = PBXBuildFile; fileRef = DAF1D2C3289AF8DC005CC999 /* SceneDelegate.swift */; };
		DAF1D2C6289AF8DC005CC999 /* NewsScreenViewController.swift in Sources */ = {isa = PBXBuildFile; fileRef = DAF1D2C5289AF8DC005CC999 /* NewsScreenViewController.swift */; };
		DAF1D2C9289AF8DC005CC999 /* NewsScreen.storyboard in Resources */ = {isa = PBXBuildFile; fileRef = DAF1D2C7289AF8DC005CC999 /* NewsScreen.storyboard */; };
		DAF1D2CB289AF8EE005CC999 /* Assets.xcassets in Resources */ = {isa = PBXBuildFile; fileRef = DAF1D2CA289AF8EE005CC999 /* Assets.xcassets */; };
		DAF1D2CE289AF8EE005CC999 /* LaunchScreen.storyboard in Resources */ = {isa = PBXBuildFile; fileRef = DAF1D2CC289AF8EE005CC999 /* LaunchScreen.storyboard */; };
		DAF1D2F3289AFA24005CC999 /* News.swift in Sources */ = {isa = PBXBuildFile; fileRef = DAF1D2F2289AFA24005CC999 /* News.swift */; };
/* End PBXBuildFile section */

/* Begin PBXFileReference section */
		DA880BC8289B2DD30000F22B /* UiTableViewCell.swift */ = {isa = PBXFileReference; lastKnownFileType = sourcecode.swift; path = UiTableViewCell.swift; sourceTree = "<group>"; };
		DA880BC9289B2DD30000F22B /* UiTableViewCell.xib */ = {isa = PBXFileReference; lastKnownFileType = file.xib; path = UiTableViewCell.xib; sourceTree = "<group>"; };
		DA880BD5289B50320000F22B /* ReadMoreScreen.storyboard */ = {isa = PBXFileReference; lastKnownFileType = file.storyboard; path = ReadMoreScreen.storyboard; sourceTree = "<group>"; };
		DA880BD7289B508F0000F22B /* ReadMoreViewController.swift */ = {isa = PBXFileReference; lastKnownFileType = sourcecode.swift; path = ReadMoreViewController.swift; sourceTree = "<group>"; };
		DA880BD9289B57370000F22B /* Extensions.swift */ = {isa = PBXFileReference; lastKnownFileType = sourcecode.swift; path = Extensions.swift; sourceTree = "<group>"; };
		DAF1D2BE289AF8DC005CC999 /* RSSProject.app */ = {isa = PBXFileReference; explicitFileType = wrapper.application; includeInIndex = 0; path = RSSProject.app; sourceTree = BUILT_PRODUCTS_DIR; };
		DAF1D2C1289AF8DC005CC999 /* AppDelegate.swift */ = {isa = PBXFileReference; lastKnownFileType = sourcecode.swift; path = AppDelegate.swift; sourceTree = "<group>"; };
		DAF1D2C3289AF8DC005CC999 /* SceneDelegate.swift */ = {isa = PBXFileReference; lastKnownFileType = sourcecode.swift; path = SceneDelegate.swift; sourceTree = "<group>"; };
		DAF1D2C5289AF8DC005CC999 /* NewsScreenViewController.swift */ = {isa = PBXFileReference; lastKnownFileType = sourcecode.swift; path = NewsScreenViewController.swift; sourceTree = "<group>"; };
		DAF1D2C8289AF8DC005CC999 /* Base */ = {isa = PBXFileReference; lastKnownFileType = file.storyboard; name = Base; path = Base.lproj/NewsScreen.storyboard; sourceTree = "<group>"; };
		DAF1D2CA289AF8EE005CC999 /* Assets.xcassets */ = {isa = PBXFileReference; lastKnownFileType = folder.assetcatalog; path = Assets.xcassets; sourceTree = "<group>"; };
		DAF1D2CD289AF8EE005CC999 /* Base */ = {isa = PBXFileReference; lastKnownFileType = file.storyboard; name = Base; path = Base.lproj/LaunchScreen.storyboard; sourceTree = "<group>"; };
		DAF1D2CF289AF8EE005CC999 /* Info.plist */ = {isa = PBXFileReference; lastKnownFileType = text.plist.xml; path = Info.plist; sourceTree = "<group>"; };
		DAF1D2F2289AFA24005CC999 /* News.swift */ = {isa = PBXFileReference; lastKnownFileType = sourcecode.swift; path = News.swift; sourceTree = "<group>"; };
/* End PBXFileReference section */

/* Begin PBXFrameworksBuildPhase section */
		DAF1D2BB289AF8DC005CC999 /* Frameworks */ = {
			isa = PBXFrameworksBuildPhase;
			buildActionMask = 2147483647;
			files = (
			);
			runOnlyForDeploymentPostprocessing = 0;
		};
/* End PBXFrameworksBuildPhase section */

/* Begin PBXGroup section */
		DA880BC7289B2DB10000F22B /* Cell */ = {
			isa = PBXGroup;
			children = (
				DA880BC8289B2DD30000F22B /* UiTableViewCell.swift */,
				DA880BC9289B2DD30000F22B /* UiTableViewCell.xib */,
			);
			path = Cell;
			sourceTree = "<group>";
		};
		DA880BCF289B4BDB0000F22B /* View */ = {
			isa = PBXGroup;
			children = (
				DAF1D2C7289AF8DC005CC999 /* NewsScreen.storyboard */,
				DA880BD5289B50320000F22B /* ReadMoreScreen.storyboard */,
			);
			path = View;
			sourceTree = "<group>";
		};
		DA880BD0289B4BE10000F22B /* Controller */ = {
			isa = PBXGroup;
			children = (
				DAF1D2C5289AF8DC005CC999 /* NewsScreenViewController.swift */,
				DA880BD7289B508F0000F22B /* ReadMoreViewController.swift */,
			);
			path = Controller;
			sourceTree = "<group>";
		};
		DAF1D2B5289AF8DC005CC999 = {
			isa = PBXGroup;
			children = (
				DAF1D2C0289AF8DC005CC999 /* RSSProject */,
				DAF1D2BF289AF8DC005CC999 /* Products */,
			);
			sourceTree = "<group>";
		};
		DAF1D2BF289AF8DC005CC999 /* Products */ = {
			isa = PBXGroup;
			children = (
				DAF1D2BE289AF8DC005CC999 /* RSSProject.app */,
			);
			name = Products;
			sourceTree = "<group>";
		};
		DAF1D2C0289AF8DC005CC999 /* RSSProject */ = {
			isa = PBXGroup;
			children = (
				DA880BD9289B57370000F22B /* Extensions.swift */,
				DAF1D2F1289AFA0A005CC999 /* Service */,
				DA880BD0289B4BE10000F22B /* Controller */,
				DA880BCF289B4BDB0000F22B /* View */,
				DA880BC7289B2DB10000F22B /* Cell */,
				DAF1D2C1289AF8DC005CC999 /* AppDelegate.swift */,
				DAF1D2C3289AF8DC005CC999 /* SceneDelegate.swift */,
				DAF1D2CA289AF8EE005CC999 /* Assets.xcassets */,
				DAF1D2CC289AF8EE005CC999 /* LaunchScreen.storyboard */,
				DAF1D2CF289AF8EE005CC999 /* Info.plist */,
			);
			path = RSSProject;
			sourceTree = "<group>";
		};
		DAF1D2F1289AFA0A005CC999 /* Service */ = {
			isa = PBXGroup;
			children = (
				DAF1D2F2289AFA24005CC999 /* News.swift */,
			);
			path = Service;
			sourceTree = "<group>";
		};
/* End PBXGroup section */

/* Begin PBXNativeTarget section */
		DAF1D2BD289AF8DC005CC999 /* RSSProject */ = {
			isa = PBXNativeTarget;
			buildConfigurationList = DAF1D2E8289AF8EF005CC999 /* Build configuration list for PBXNativeTarget "RSSProject" */;
			buildPhases = (
				DAF1D2BA289AF8DC005CC999 /* Sources */,
				DAF1D2BB289AF8DC005CC999 /* Frameworks */,
				DAF1D2BC289AF8DC005CC999 /* Resources */,
			);
			buildRules = (
			);
			dependencies = (
			);
			name = RSSProject;
			productName = RSSProject;
			productReference = DAF1D2BE289AF8DC005CC999 /* RSSProject.app */;
			productType = "com.apple.product-type.application";
		};
/* End PBXNativeTarget section */

/* Begin PBXProject section */
		DAF1D2B6289AF8DC005CC999 /* Project object */ = {
			isa = PBXProject;
			attributes = {
				BuildIndependentTargetsInParallel = 1;
				LastSwiftUpdateCheck = 1340;
				LastUpgradeCheck = 1340;
				TargetAttributes = {
					DAF1D2BD289AF8DC005CC999 = {
						CreatedOnToolsVersion = 13.4.1;
					};
				};
			};
			buildConfigurationList = DAF1D2B9289AF8DC005CC999 /* Build configuration list for PBXProject "RSSProject" */;
			compatibilityVersion = "Xcode 13.0";
			developmentRegion = en;
			hasScannedForEncodings = 0;
			knownRegions = (
				en,
				Base,
			);
			mainGroup = DAF1D2B5289AF8DC005CC999;
			productRefGroup = DAF1D2BF289AF8DC005CC999 /* Products */;
			projectDirPath = "";
			projectRoot = "";
			targets = (
				DAF1D2BD289AF8DC005CC999 /* RSSProject */,
			);
		};
/* End PBXProject section */

/* Begin PBXResourcesBuildPhase section */
		DAF1D2BC289AF8DC005CC999 /* Resources */ = {
			isa = PBXResourcesBuildPhase;
			buildActionMask = 2147483647;
			files = (
				DA880BD6289B50320000F22B /* ReadMoreScreen.storyboard in Resources */,
				DAF1D2CE289AF8EE005CC999 /* LaunchScreen.storyboard in Resources */,
				DA880BCB289B2DD30000F22B /* UiTableViewCell.xib in Resources */,
				DAF1D2CB289AF8EE005CC999 /* Assets.xcassets in Resources */,
				DAF1D2C9289AF8DC005CC999 /* NewsScreen.storyboard in Resources */,
			);
			runOnlyForDeploymentPostprocessing = 0;
		};
/* End PBXResourcesBuildPhase section */

/* Begin PBXSourcesBuildPhase section */
		DAF1D2BA289AF8DC005CC999 /* Sources */ = {
			isa = PBXSourcesBuildPhase;
			buildActionMask = 2147483647;
			files = (
				DAF1D2C6289AF8DC005CC999 /* NewsScreenViewController.swift in Sources */,
				DAF1D2C2289AF8DC005CC999 /* AppDelegate.swift in Sources */,
				DAF1D2F3289AFA24005CC999 /* News.swift in Sources */,
				DAF1D2C4289AF8DC005CC999 /* SceneDelegate.swift in Sources */,
				DA880BCA289B2DD30000F22B /* UiTableViewCell.swift in Sources */,
				DA880BD8289B508F0000F22B /* ReadMoreViewController.swift in Sources */,
				DA880BDA289B57370000F22B /* Extensions.swift in Sources */,
			);
			runOnlyForDeploymentPostprocessing = 0;
		};
/* End PBXSourcesBuildPhase section */

/* Begin PBXVariantGroup section */
		DAF1D2C7289AF8DC005CC999 /* NewsScreen.storyboard */ = {
			isa = PBXVariantGroup;
			children = (
				DAF1D2C8289AF8DC005CC999 /* Base */,
			);
			name = NewsScreen.storyboard;
			sourceTree = "<group>";
		};
		DAF1D2CC289AF8EE005CC999 /* LaunchScreen.storyboard */ = {
			isa = PBXVariantGroup;
			children = (
				DAF1D2CD289AF8EE005CC999 /* Base */,
			);
			name = LaunchScreen.storyboard;
			sourceTree = "<group>";
		};
/* End PBXVariantGroup section */

/* Begin XCBuildConfiguration section */
		DAF1D2E6289AF8EF005CC999 /* Debug */ = {
			isa = XCBuildConfiguration;
			buildSettings = {
				ALWAYS_SEARCH_USER_PATHS = NO;
				CLANG_ANALYZER_NONNULL = YES;
				CLANG_ANALYZER_NUMBER_OBJECT_CONVERSION = YES_AGGRESSIVE;
				CLANG_CXX_LANGUAGE_STANDARD = "gnu++17";
				CLANG_ENABLE_MODULES = YES;
				CLANG_ENABLE_OBJC_ARC = YES;
				CLANG_ENABLE_OBJC_WEAK = YES;
				CLANG_WARN_BLOCK_CAPTURE_AUTORELEASING = YES;
				CLANG_WARN_BOOL_CONVERSION = YES;
				CLANG_WARN_COMMA = YES;
				CLANG_WARN_CONSTANT_CONVERSION = YES;
				CLANG_WARN_DEPRECATED_OBJC_IMPLEMENTATIONS = YES;
				CLANG_WARN_DIRECT_OBJC_ISA_USAGE = YES_ERROR;
				CLANG_WARN_DOCUMENTATION_COMMENTS = YES;
				CLANG_WARN_EMPTY_BODY = YES;
				CLANG_WARN_ENUM_CONVERSION = YES;
				CLANG_WARN_INFINITE_RECURSION = YES;
				CLANG_WARN_INT_CONVERSION = YES;
				CLANG_WARN_NON_LITERAL_NULL_CONVERSION = YES;
				CLANG_WARN_OBJC_IMPLICIT_RETAIN_SELF = YES;
				CLANG_WARN_OBJC_LITERAL_CONVERSION = YES;
				CLANG_WARN_OBJC_ROOT_CLASS = YES_ERROR;
				CLANG_WARN_QUOTED_INCLUDE_IN_FRAMEWORK_HEADER = YES;
				CLANG_WARN_RANGE_LOOP_ANALYSIS = YES;
				CLANG_WARN_STRICT_PROTOTYPES = YES;
				CLANG_WARN_SUSPICIOUS_MOVE = YES;
				CLANG_WARN_UNGUARDED_AVAILABILITY = YES_AGGRESSIVE;
				CLANG_WARN_UNREACHABLE_CODE = YES;
				CLANG_WARN__DUPLICATE_METHOD_MATCH = YES;
				COPY_PHASE_STRIP = NO;
				DEBUG_INFORMATION_FORMAT = dwarf;
				ENABLE_STRICT_OBJC_MSGSEND = YES;
				ENABLE_TESTABILITY = YES;
				GCC_C_LANGUAGE_STANDARD = gnu11;
				GCC_DYNAMIC_NO_PIC = NO;
				GCC_NO_COMMON_BLOCKS = YES;
				GCC_OPTIMIZATION_LEVEL = 0;
				GCC_PREPROCESSOR_DEFINITIONS = (
					"DEBUG=1",
					"$(inherited)",
				);
				GCC_WARN_64_TO_32_BIT_CONVERSION = YES;
				GCC_WARN_ABOUT_RETURN_TYPE = YES_ERROR;
				GCC_WARN_UNDECLARED_SELECTOR = YES;
				GCC_WARN_UNINITIALIZED_AUTOS = YES_AGGRESSIVE;
				GCC_WARN_UNUSED_FUNCTION = YES;
				GCC_WARN_UNUSED_VARIABLE = YES;
				IPHONEOS_DEPLOYMENT_TARGET = 15.5;
				MTL_ENABLE_DEBUG_INFO = INCLUDE_SOURCE;
				MTL_FAST_MATH = YES;
				ONLY_ACTIVE_ARCH = YES;
				SDKROOT = iphoneos;
				SWIFT_ACTIVE_COMPILATION_CONDITIONS = DEBUG;
				SWIFT_OPTIMIZATION_LEVEL = "-Onone";
			};
			name = Debug;
		};
		DAF1D2E7289AF8EF005CC999 /* Release */ = {
			isa = XCBuildConfiguration;
			buildSettings = {
				ALWAYS_SEARCH_USER_PATHS = NO;
				CLANG_ANALYZER_NONNULL = YES;
				CLANG_ANALYZER_NUMBER_OBJECT_CONVERSION = YES_AGGRESSIVE;
				CLANG_CXX_LANGUAGE_STANDARD = "gnu++17";
				CLANG_ENABLE_MODULES = YES;
				CLANG_ENABLE_OBJC_ARC = YES;
				CLANG_ENABLE_OBJC_WEAK = YES;
				CLANG_WARN_BLOCK_CAPTURE_AUTORELEASING = YES;
				CLANG_WARN_BOOL_CONVERSION = YES;
				CLANG_WARN_COMMA = YES;
				CLANG_WARN_CONSTANT_CONVERSION = YES;
				CLANG_WARN_DEPRECATED_OBJC_IMPLEMENTATIONS = YES;
				CLANG_WARN_DIRECT_OBJC_ISA_USAGE = YES_ERROR;
				CLANG_WARN_DOCUMENTATION_COMMENTS = YES;
				CLANG_WARN_EMPTY_BODY = YES;
				CLANG_WARN_ENUM_CONVERSION = YES;
				CLANG_WARN_INFINITE_RECURSION = YES;
				CLANG_WARN_INT_CONVERSION = YES;
				CLANG_WARN_NON_LITERAL_NULL_CONVERSION = YES;
				CLANG_WARN_OBJC_IMPLICIT_RETAIN_SELF = YES;
				CLANG_WARN_OBJC_LITERAL_CONVERSION = YES;
				CLANG_WARN_OBJC_ROOT_CLASS = YES_ERROR;
				CLANG_WARN_QUOTED_INCLUDE_IN_FRAMEWORK_HEADER = YES;
				CLANG_WARN_RANGE_LOOP_ANALYSIS = YES;
				CLANG_WARN_STRICT_PROTOTYPES = YES;
				CLANG_WARN_SUSPICIOUS_MOVE = YES;
				CLANG_WARN_UNGUARDED_AVAILABILITY = YES_AGGRESSIVE;
				CLANG_WARN_UNREACHABLE_CODE = YES;
				CLANG_WARN__DUPLICATE_METHOD_MATCH = YES;
				COPY_PHASE_STRIP = NO;
				DEBUG_INFORMATION_FORMAT = "dwarf-with-dsym";
				ENABLE_NS_ASSERTIONS = NO;
				ENABLE_STRICT_OBJC_MSGSEND = YES;
				GCC_C_LANGUAGE_STANDARD = gnu11;
				GCC_NO_COMMON_BLOCKS = YES;
				GCC_WARN_64_TO_32_BIT_CONVERSION = YES;
				GCC_WARN_ABOUT_RETURN_TYPE = YES_ERROR;
				GCC_WARN_UNDECLARED_SELECTOR = YES;
				GCC_WARN_UNINITIALIZED_AUTOS = YES_AGGRESSIVE;
				GCC_WARN_UNUSED_FUNCTION = YES;
				GCC_WARN_UNUSED_VARIABLE = YES;
				IPHONEOS_DEPLOYMENT_TARGET = 15.5;
				MTL_ENABLE_DEBUG_INFO = NO;
				MTL_FAST_MATH = YES;
				SDKROOT = iphoneos;
				SWIFT_COMPILATION_MODE = wholemodule;
				SWIFT_OPTIMIZATION_LEVEL = "-O";
				VALIDATE_PRODUCT = YES;
			};
			name = Release;
		};
		DAF1D2E9289AF8EF005CC999 /* Debug */ = {
			isa = XCBuildConfiguration;
			buildSettings = {
				ASSETCATALOG_COMPILER_APPICON_NAME = AppIcon;
				ASSETCATALOG_COMPILER_GLOBAL_ACCENT_COLOR_NAME = AccentColor;
				CODE_SIGN_STYLE = Automatic;
				CURRENT_PROJECT_VERSION = 1;
				GENERATE_INFOPLIST_FILE = YES;
				INFOPLIST_FILE = RSSProject/Info.plist;
				INFOPLIST_KEY_UIApplicationSupportsIndirectInputEvents = YES;
				INFOPLIST_KEY_UILaunchStoryboardName = LaunchScreen;
				INFOPLIST_KEY_UIMainStoryboardFile = NewsScreen;
				INFOPLIST_KEY_UISupportedInterfaceOrientations_iPad = "UIInterfaceOrientationPortrait UIInterfaceOrientationPortraitUpsideDown UIInterfaceOrientationLandscapeLeft UIInterfaceOrientationLandscapeRight";
				INFOPLIST_KEY_UISupportedInterfaceOrientations_iPhone = "UIInterfaceOrientationPortrait UIInterfaceOrientationLandscapeLeft UIInterfaceOrientationLandscapeRight";
				LD_RUNPATH_SEARCH_PATHS = (
					"$(inherited)",
					"@executable_path/Frameworks",
				);
				MARKETING_VERSION = 1.0;
				PRODUCT_BUNDLE_IDENTIFIER = com.BrendonSambatti.RSSProject;
				PRODUCT_NAME = "$(TARGET_NAME)";
				SWIFT_EMIT_LOC_STRINGS = YES;
				SWIFT_VERSION = 5.0;
				TARGETED_DEVICE_FAMILY = "1,2";
			};
			name = Debug;
		};
		DAF1D2EA289AF8EF005CC999 /* Release */ = {
			isa = XCBuildConfiguration;
			buildSettings = {
				ASSETCATALOG_COMPILER_APPICON_NAME = AppIcon;
				ASSETCATALOG_COMPILER_GLOBAL_ACCENT_COLOR_NAME = AccentColor;
				CODE_SIGN_STYLE = Automatic;
				CURRENT_PROJECT_VERSION = 1;
				GENERATE_INFOPLIST_FILE = YES;
				INFOPLIST_FILE = RSSProject/Info.plist;
				INFOPLIST_KEY_UIApplicationSupportsIndirectInputEvents = YES;
				INFOPLIST_KEY_UILaunchStoryboardName = LaunchScreen;
				INFOPLIST_KEY_UIMainStoryboardFile = NewsScreen;
				INFOPLIST_KEY_UISupportedInterfaceOrientations_iPad = "UIInterfaceOrientationPortrait UIInterfaceOrientationPortraitUpsideDown UIInterfaceOrientationLandscapeLeft UIInterfaceOrientationLandscapeRight";
				INFOPLIST_KEY_UISupportedInterfaceOrientations_iPhone = "UIInterfaceOrientationPortrait UIInterfaceOrientationLandscapeLeft UIInterfaceOrientationLandscapeRight";
				LD_RUNPATH_SEARCH_PATHS = (
					"$(inherited)",
					"@executable_path/Frameworks",
				);
				MARKETING_VERSION = 1.0;
				PRODUCT_BUNDLE_IDENTIFIER = com.BrendonSambatti.RSSProject;
				PRODUCT_NAME = "$(TARGET_NAME)";
				SWIFT_EMIT_LOC_STRINGS = YES;
				SWIFT_VERSION = 5.0;
				TARGETED_DEVICE_FAMILY = "1,2";
			};
			name = Release;
		};
/* End XCBuildConfiguration section */

/* Begin XCConfigurationList section */
		DAF1D2B9289AF8DC005CC999 /* Build configuration list for PBXProject "RSSProject" */ = {
			isa = XCConfigurationList;
			buildConfigurations = (
				DAF1D2E6289AF8EF005CC999 /* Debug */,
				DAF1D2E7289AF8EF005CC999 /* Release */,
			);
			defaultConfigurationIsVisible = 0;
			defaultConfigurationName = Release;
		};
		DAF1D2E8289AF8EF005CC999 /* Build configuration list for PBXNativeTarget "RSSProject" */ = {
			isa = XCConfigurationList;
			buildConfigurations = (
				DAF1D2E9289AF8EF005CC999 /* Debug */,
				DAF1D2EA289AF8EF005CC999 /* Release */,
			);
			defaultConfigurationIsVisible = 0;
			defaultConfigurationName = Release;
		};
/* End XCConfigurationList section */
	};
	rootObject = DAF1D2B6289AF8DC005CC999 /* Project object */;
}
